// !$*UTF8*$!
{
	archiveVersion = 1;
	classes = {
	};
	objectVersion = 46;
	objects = {

/* Begin PBXBuildFile section */
		422F8A121CC46D09007FF250 /* AppDelegate.swift in Sources */ = {isa = PBXBuildFile; fileRef = 422F8A111CC46D09007FF250 /* AppDelegate.swift */; };
		422F8A141CC46D09007FF250 /* TravelMapViewController.swift in Sources */ = {isa = PBXBuildFile; fileRef = 422F8A131CC46D09007FF250 /* TravelMapViewController.swift */; };
		422F8A171CC46D09007FF250 /* Main.storyboard in Resources */ = {isa = PBXBuildFile; fileRef = 422F8A151CC46D09007FF250 /* Main.storyboard */; };
		422F8A191CC46D09007FF250 /* Assets.xcassets in Resources */ = {isa = PBXBuildFile; fileRef = 422F8A181CC46D09007FF250 /* Assets.xcassets */; };
		422F8A1C1CC46D09007FF250 /* LaunchScreen.storyboard in Resources */ = {isa = PBXBuildFile; fileRef = 422F8A1A1CC46D09007FF250 /* LaunchScreen.storyboard */; };
		422F8A2A1CC476D4007FF250 /* MapKit.framework in Frameworks */ = {isa = PBXBuildFile; fileRef = 422F8A291CC476D4007FF250 /* MapKit.framework */; };
		422F8A2C1CC5D166007FF250 /* Pin.swift in Sources */ = {isa = PBXBuildFile; fileRef = 422F8A2B1CC5D166007FF250 /* Pin.swift */; };
		422F8A2E1CC73151007FF250 /* PhotoAlbumViewController.swift in Sources */ = {isa = PBXBuildFile; fileRef = 422F8A2D1CC73151007FF250 /* PhotoAlbumViewController.swift */; };
		422F8A301CCC1850007FF250 /* FlickrClient.swift in Sources */ = {isa = PBXBuildFile; fileRef = 422F8A2F1CCC1850007FF250 /* FlickrClient.swift */; };
		422F8A321CCD10EE007FF250 /* FlickrConstants.swift in Sources */ = {isa = PBXBuildFile; fileRef = 422F8A311CCD10EE007FF250 /* FlickrConstants.swift */; };
/* End PBXBuildFile section */

/* Begin PBXFileReference section */
		422F8A0E1CC46D09007FF250 /* VirtualTourist.app */ = {isa = PBXFileReference; explicitFileType = wrapper.application; includeInIndex = 0; path = VirtualTourist.app; sourceTree = BUILT_PRODUCTS_DIR; };
		422F8A111CC46D09007FF250 /* AppDelegate.swift */ = {isa = PBXFileReference; lastKnownFileType = sourcecode.swift; path = AppDelegate.swift; sourceTree = "<group>"; };
		422F8A131CC46D09007FF250 /* TravelMapViewController.swift */ = {isa = PBXFileReference; lastKnownFileType = sourcecode.swift; path = TravelMapViewController.swift; sourceTree = "<group>"; };
		422F8A161CC46D09007FF250 /* Base */ = {isa = PBXFileReference; lastKnownFileType = file.storyboard; name = Base; path = Base.lproj/Main.storyboard; sourceTree = "<group>"; };
		422F8A181CC46D09007FF250 /* Assets.xcassets */ = {isa = PBXFileReference; lastKnownFileType = folder.assetcatalog; path = Assets.xcassets; sourceTree = "<group>"; };
		422F8A1B1CC46D09007FF250 /* Base */ = {isa = PBXFileReference; lastKnownFileType = file.storyboard; name = Base; path = Base.lproj/LaunchScreen.storyboard; sourceTree = "<group>"; };
		422F8A1D1CC46D09007FF250 /* Info.plist */ = {isa = PBXFileReference; lastKnownFileType = text.plist.xml; path = Info.plist; sourceTree = "<group>"; };
		422F8A291CC476D4007FF250 /* MapKit.framework */ = {isa = PBXFileReference; lastKnownFileType = wrapper.framework; name = MapKit.framework; path = System/Library/Frameworks/MapKit.framework; sourceTree = SDKROOT; };
		422F8A2B1CC5D166007FF250 /* Pin.swift */ = {isa = PBXFileReference; fileEncoding = 4; lastKnownFileType = sourcecode.swift; path = Pin.swift; sourceTree = "<group>"; };
		422F8A2D1CC73151007FF250 /* PhotoAlbumViewController.swift */ = {isa = PBXFileReference; fileEncoding = 4; lastKnownFileType = sourcecode.swift; path = PhotoAlbumViewController.swift; sourceTree = "<group>"; };
		422F8A2F1CCC1850007FF250 /* FlickrClient.swift */ = {isa = PBXFileReference; fileEncoding = 4; lastKnownFileType = sourcecode.swift; path = FlickrClient.swift; sourceTree = "<group>"; };
		422F8A311CCD10EE007FF250 /* FlickrConstants.swift */ = {isa = PBXFileReference; fileEncoding = 4; lastKnownFileType = sourcecode.swift; path = FlickrConstants.swift; sourceTree = "<group>"; };
/* End PBXFileReference section */

/* Begin PBXFrameworksBuildPhase section */
		422F8A0B1CC46D09007FF250 /* Frameworks */ = {
			isa = PBXFrameworksBuildPhase;
			buildActionMask = 2147483647;
			files = (
				422F8A2A1CC476D4007FF250 /* MapKit.framework in Frameworks */,
			);
			runOnlyForDeploymentPostprocessing = 0;
		};
/* End PBXFrameworksBuildPhase section */

/* Begin PBXGroup section */
		422F8A051CC46D09007FF250 = {
			isa = PBXGroup;
			children = (
				422F8A291CC476D4007FF250 /* MapKit.framework */,
				422F8A101CC46D09007FF250 /* VirtualTourist */,
				422F8A0F1CC46D09007FF250 /* Products */,
			);
			sourceTree = "<group>";
		};
		422F8A0F1CC46D09007FF250 /* Products */ = {
			isa = PBXGroup;
			children = (
				422F8A0E1CC46D09007FF250 /* VirtualTourist.app */,
			);
			name = Products;
			sourceTree = "<group>";
		};
		422F8A101CC46D09007FF250 /* VirtualTourist */ = {
			isa = PBXGroup;
			children = (
				422F8A111CC46D09007FF250 /* AppDelegate.swift */,
				422F8A131CC46D09007FF250 /* TravelMapViewController.swift */,
				422F8A2F1CCC1850007FF250 /* FlickrClient.swift */,
				422F8A311CCD10EE007FF250 /* FlickrConstants.swift */,
				422F8A2D1CC73151007FF250 /* PhotoAlbumViewController.swift */,
				422F8A2B1CC5D166007FF250 /* Pin.swift */,
				422F8A151CC46D09007FF250 /* Main.storyboard */,
				422F8A181CC46D09007FF250 /* Assets.xcassets */,
				422F8A1A1CC46D09007FF250 /* LaunchScreen.storyboard */,
				422F8A1D1CC46D09007FF250 /* Info.plist */,
			);
			path = VirtualTourist;
			sourceTree = "<group>";
		};
/* End PBXGroup section */

/* Begin PBXNativeTarget section */
		422F8A0D1CC46D09007FF250 /* VirtualTourist */ = {
			isa = PBXNativeTarget;
			buildConfigurationList = 422F8A201CC46D09007FF250 /* Build configuration list for PBXNativeTarget "VirtualTourist" */;
			buildPhases = (
				422F8A0A1CC46D09007FF250 /* Sources */,
				422F8A0B1CC46D09007FF250 /* Frameworks */,
				422F8A0C1CC46D09007FF250 /* Resources */,
			);
			buildRules = (
			);
			dependencies = (
			);
			name = VirtualTourist;
			productName = VirtualTourist;
			productReference = 422F8A0E1CC46D09007FF250 /* VirtualTourist.app */;
			productType = "com.apple.product-type.application";
		};
/* End PBXNativeTarget section */

/* Begin PBXProject section */
		422F8A061CC46D09007FF250 /* Project object */ = {
			isa = PBXProject;
			attributes = {
				LastSwiftUpdateCheck = 0730;
				LastUpgradeCheck = 0730;
				ORGANIZATIONNAME = "Joshua Hunsberger";
				TargetAttributes = {
					422F8A0D1CC46D09007FF250 = {
						CreatedOnToolsVersion = 7.3;
						SystemCapabilities = {
							com.apple.Maps.iOS = {
								enabled = 1;
							};
						};
					};
				};
			};
			buildConfigurationList = 422F8A091CC46D09007FF250 /* Build configuration list for PBXProject "VirtualTourist" */;
			compatibilityVersion = "Xcode 3.2";
			developmentRegion = English;
			hasScannedForEncodings = 0;
			knownRegions = (
				en,
				Base,
			);
			mainGroup = 422F8A051CC46D09007FF250;
			productRefGroup = 422F8A0F1CC46D09007FF250 /* Products */;
			projectDirPath = "";
			projectRoot = "";
			targets = (
				422F8A0D1CC46D09007FF250 /* VirtualTourist */,
			);
		};
/* End PBXProject section */

/* Begin PBXResourcesBuildPhase section */
		422F8A0C1CC46D09007FF250 /* Resources */ = {
			isa = PBXResourcesBuildPhase;
			buildActionMask = 2147483647;
			files = (
				422F8A1C1CC46D09007FF250 /* LaunchScreen.storyboard in Resources */,
				422F8A191CC46D09007FF250 /* Assets.xcassets in Resources */,
				422F8A171CC46D09007FF250 /* Main.storyboard in Resources */,
			);
			runOnlyForDeploymentPostprocessing = 0;
		};
/* End PBXResourcesBuildPhase section */

/* Begin PBXSourcesBuildPhase section */
		422F8A0A1CC46D09007FF250 /* Sources */ = {
			isa = PBXSourcesBuildPhase;
			buildActionMask = 2147483647;
			files = (
				422F8A2C1CC5D166007FF250 /* Pin.swift in Sources */,
				422F8A301CCC1850007FF250 /* FlickrClient.swift in Sources */,
				422F8A141CC46D09007FF250 /* TravelMapViewController.swift in Sources */,
				422F8A121CC46D09007FF250 /* AppDelegate.swift in Sources */,
				422F8A321CCD10EE007FF250 /* FlickrConstants.swift in Sources */,
				422F8A2E1CC73151007FF250 /* PhotoAlbumViewController.swift in Sources */,
			);
			runOnlyForDeploymentPostprocessing = 0;
		};
/* End PBXSourcesBuildPhase section */

/* Begin PBXVariantGroup section */
		422F8A151CC46D09007FF250 /* Main.storyboard */ = {
			isa = PBXVariantGroup;
			children = (
				422F8A161CC46D09007FF250 /* Base */,
			);
			name = Main.storyboard;
			sourceTree = "<group>";
		};
		422F8A1A1CC46D09007FF250 /* LaunchScreen.storyboard */ = {
			isa = PBXVariantGroup;
			children = (
				422F8A1B1CC46D09007FF250 /* Base */,
			);
			name = LaunchScreen.storyboard;
			sourceTree = "<group>";
		};
/* End PBXVariantGroup section */

/* Begin XCBuildConfiguration section */
		422F8A1E1CC46D09007FF250 /* Debug */ = {
			isa = XCBuildConfiguration;
			buildSettings = {
				ALWAYS_SEARCH_USER_PATHS = NO;
				CLANG_ANALYZER_NONNULL = YES;
				CLANG_CXX_LANGUAGE_STANDARD = "gnu++0x";
				CLANG_CXX_LIBRARY = "libc++";
				CLANG_ENABLE_MODULES = YES;
				CLANG_ENABLE_OBJC_ARC = YES;
				CLANG_WARN_BOOL_CONVERSION = YES;
				CLANG_WARN_CONSTANT_CONVERSION = YES;
				CLANG_WARN_DIRECT_OBJC_ISA_USAGE = YES_ERROR;
				CLANG_WARN_EMPTY_BODY = YES;
				CLANG_WARN_ENUM_CONVERSION = YES;
				CLANG_WARN_INT_CONVERSION = YES;
				CLANG_WARN_OBJC_ROOT_CLASS = YES_ERROR;
				CLANG_WARN_UNREACHABLE_CODE = YES;
				CLANG_WARN__DUPLICATE_METHOD_MATCH = YES;
				"CODE_SIGN_IDENTITY[sdk=iphoneos*]" = "iPhone Developer";
				COPY_PHASE_STRIP = NO;
				DEBUG_INFORMATION_FORMAT = dwarf;
				ENABLE_STRICT_OBJC_MSGSEND = YES;
				ENABLE_TESTABILITY = YES;
				GCC_C_LANGUAGE_STANDARD = gnu99;
				GCC_DYNAMIC_NO_PIC = NO;
				GCC_NO_COMMON_BLOCKS = YES;
				GCC_OPTIMIZATION_LEVEL = 0;
				GCC_PREPROCESSOR_DEFINITIONS = (
					"DEBUG=1",
					"$(inherited)",
				);
				GCC_WARN_64_TO_32_BIT_CONVERSION = YES;
				GCC_WARN_ABOUT_RETURN_TYPE = YES_ERROR;
				GCC_WARN_UNDECLARED_SELECTOR = YES;
				GCC_WARN_UNINITIALIZED_AUTOS = YES_AGGRESSIVE;
				GCC_WARN_UNUSED_FUNCTION = YES;
				GCC_WARN_UNUSED_VARIABLE = YES;
				IPHONEOS_DEPLOYMENT_TARGET = 9.3;
				MTL_ENABLE_DEBUG_INFO = YES;
				ONLY_ACTIVE_ARCH = YES;
				SDKROOT = iphoneos;
				SWIFT_OPTIMIZATION_LEVEL = "-Onone";
				TARGETED_DEVICE_FAMILY = "1,2";
			};
			name = Debug;
		};
		422F8A1F1CC46D09007FF250 /* Release */ = {
			isa = XCBuildConfiguration;
			buildSettings = {
				ALWAYS_SEARCH_USER_PATHS = NO;
				CLANG_ANALYZER_NONNULL = YES;
				CLANG_CXX_LANGUAGE_STANDARD = "gnu++0x";
				CLANG_CXX_LIBRARY = "libc++";
				CLANG_ENABLE_MODULES = YES;
				CLANG_ENABLE_OBJC_ARC = YES;
				CLANG_WARN_BOOL_CONVERSION = YES;
				CLANG_WARN_CONSTANT_CONVERSION = YES;
				CLANG_WARN_DIRECT_OBJC_ISA_USAGE = YES_ERROR;
				CLANG_WARN_EMPTY_BODY = YES;
				CLANG_WARN_ENUM_CONVERSION = YES;
				CLANG_WARN_INT_CONVERSION = YES;
				CLANG_WARN_OBJC_ROOT_CLASS = YES_ERROR;
				CLANG_WARN_UNREACHABLE_CODE = YES;
				CLANG_WARN__DUPLICATE_METHOD_MATCH = YES;
				"CODE_SIGN_IDENTITY[sdk=iphoneos*]" = "iPhone Developer";
				COPY_PHASE_STRIP = NO;
				DEBUG_INFORMATION_FORMAT = "dwarf-with-dsym";
				ENABLE_NS_ASSERTIONS = NO;
				ENABLE_STRICT_OBJC_MSGSEND = YES;
				GCC_C_LANGUAGE_STANDARD = gnu99;
				GCC_NO_COMMON_BLOCKS = YES;
				GCC_WARN_64_TO_32_BIT_CONVERSION = YES;
				GCC_WARN_ABOUT_RETURN_TYPE = YES_ERROR;
				GCC_WARN_UNDECLARED_SELECTOR = YES;
				GCC_WARN_UNINITIALIZED_AUTOS = YES_AGGRESSIVE;
				GCC_WARN_UNUSED_FUNCTION = YES;
				GCC_WARN_UNUSED_VARIABLE = YES;
				IPHONEOS_DEPLOYMENT_TARGET = 9.3;
				MTL_ENABLE_DEBUG_INFO = NO;
				SDKROOT = iphoneos;
				TARGETED_DEVICE_FAMILY = "1,2";
				VALIDATE_PRODUCT = YES;
			};
			name = Release;
		};
		422F8A211CC46D09007FF250 /* Debug */ = {
			isa = XCBuildConfiguration;
			buildSettings = {
				ASSETCATALOG_COMPILER_APPICON_NAME = AppIcon;
				CODE_SIGN_IDENTITY = "iPhone Developer";
				INFOPLIST_FILE = VirtualTourist/Info.plist;
				LD_RUNPATH_SEARCH_PATHS = "$(inherited) @executable_path/Frameworks";
				PRODUCT_BUNDLE_IDENTIFIER = co.hunsberger.VirtualTourist;
				PRODUCT_NAME = "$(TARGET_NAME)";
			};
			name = Debug;
		};
		422F8A221CC46D09007FF250 /* Release */ = {
			isa = XCBuildConfiguration;
			buildSettings = {
				ASSETCATALOG_COMPILER_APPICON_NAME = AppIcon;
				CODE_SIGN_IDENTITY = "iPhone Developer";
				INFOPLIST_FILE = VirtualTourist/Info.plist;
				LD_RUNPATH_SEARCH_PATHS = "$(inherited) @executable_path/Frameworks";
				PRODUCT_BUNDLE_IDENTIFIER = co.hunsberger.VirtualTourist;
				PRODUCT_NAME = "$(TARGET_NAME)";
			};
			name = Release;
		};
/* End XCBuildConfiguration section */

/* Begin XCConfigurationList section */
		422F8A091CC46D09007FF250 /* Build configuration list for PBXProject "VirtualTourist" */ = {
			isa = XCConfigurationList;
			buildConfigurations = (
				422F8A1E1CC46D09007FF250 /* Debug */,
				422F8A1F1CC46D09007FF250 /* Release */,
			);
			defaultConfigurationIsVisible = 0;
			defaultConfigurationName = Release;
		};
		422F8A201CC46D09007FF250 /* Build configuration list for PBXNativeTarget "VirtualTourist" */ = {
			isa = XCConfigurationList;
			buildConfigurations = (
				422F8A211CC46D09007FF250 /* Debug */,
				422F8A221CC46D09007FF250 /* Release */,
			);
			defaultConfigurationIsVisible = 0;
			defaultConfigurationName = Release;
		};
/* End XCConfigurationList section */
	};
	rootObject = 422F8A061CC46D09007FF250 /* Project object */;
}
